
Microsoft Visual Studio Solution File, Format Version 12.00
# Visual Studio Version 16
VisualStudioVersion = 16.0.32602.291
MinimumVisualStudioVersion = 10.0.40219.1
Project("{FAE04EC0-301F-11D3-BF4B-00C04F79EFBC}") = "ConsoleAppArray", "ConsoleAppArray\ConsoleAppArray.csproj", "{DB012236-E933-4C6F-8F70-2B75BF8351F5}"
EndProject
Global
	GlobalSection(SolutionConfigurationPlatforms) = preSolution
		Debug|Any CPU = Debug|Any CPU
		Release|Any CPU = Release|Any CPU
	EndGlobalSection
	GlobalSection(ProjectConfigurationPlatforms) = postSolution
		{DB012236-E933-4C6F-8F70-2B75BF8351F5}.Debug|Any CPU.ActiveCfg = Debug|Any CPU
		{DB012236-E933-4C6F-8F70-2B75BF8351F5}.Debug|Any CPU.Build.0 = Debug|Any CPU
		{DB012236-E933-4C6F-8F70-2B75BF8351F5}.Release|Any CPU.ActiveCfg = Release|Any CPU
		{DB012236-E933-4C6F-8F70-2B75BF8351F5}.Release|Any CPU.Build.0 = Release|Any CPU
	EndGlobalSection
	GlobalSection(SolutionProperties) = preSolution
		HideSolutionNode = FALSE
	EndGlobalSection
	GlobalSection(ExtensibilityGlobals) = postSolution
		SolutionGuid = {BBDE2E7C-728C-44AB-9E25-9A5B0481CEF8}
	EndGlobalSection
EndGlobal
